github.com/edwingeng/deque/v2 v2.1.1 h1:+xjC3TnaeMPLZMi7QQf9jN2K00MZmTwruApqplbL9IY=
github.com/edwingeng/deque/v2 v2.1.1/go.mod h1:HukI8CQe9KDmZCcURPZRYVYjH79Zy2tIjTF9sN3Bgb0=
github.com/emirpasic/gods v1.18.1 h1:FXtiHYKDGKCW2KzwZKx0iC0PQmdlorYgdFG9jPXJ1Bc=
github.com/emirpasic/gods v1.18.1/go.mod h1:8tpGGwCnJ5H4r6BWwaV6OrWmMoPhUl5jm/FMNAnJvWQ=
